{
  "name": "deploy-khulnasoft-docker",
  "lockfileVersion": 3,
  "requires": true,
  "packages": {
    "": {
      "devDependencies": {
        "@khulnasoft/prettierrc": "3.0.3",
        "prettier": "1.19.1"
      }
    },
    "node_modules/@khulnasoft/prettierrc": {
      "version": "3.0.3",
      "resolved": "https://registry.npmjs.org/@khulnasoft/prettierrc/-/prettierrc-3.0.3.tgz",
      "integrity": "sha512-WKz0h9bOXlUwZMYUF4GHzQZzNd/h5oz5ARmPMUxHcvMcc+M3tm3/GNtpBenipJFp96VJBLGUQlgSUB13uGfe0w==",
      "dev": true,
      "license": "Apache-2.0"
    },
    "node_modules/prettier": {
      "version": "1.19.1",
      "resolved": "https://registry.npmjs.org/prettier/-/prettier-1.19.1.tgz",
      "integrity": "sha512-s7PoyDv/II1ObgQunCbB9PdLmUcBZcnWOcxDh7O0N/UwDEsHyqkW+Qh28jW+mVuCdx7gLB0BotYI1Y6uI9iyew==",
      "dev": true,
      "license": "MIT",
      "bin": {
        "prettier": "bin-prettier.js"
      },
      "engines": {
        "node": ">=4"
      }
    }
  }
}
